// !$*UTF8*$!
{
	archiveVersion = 1;
	classes = {
	};
	objectVersion = 50;
	objects = {

/* Begin PBXBuildFile section */
		EF0AFD22252B8BD9006C4AB1 /* AppDelegate.swift in Sources */ = {isa = PBXBuildFile; fileRef = EF0AFD21252B8BD9006C4AB1 /* AppDelegate.swift */; };
		EF0AFD24252B8BD9006C4AB1 /* SceneDelegate.swift in Sources */ = {isa = PBXBuildFile; fileRef = EF0AFD23252B8BD9006C4AB1 /* SceneDelegate.swift */; };
		EF0AFD26252B8BD9006C4AB1 /* ViewController.swift in Sources */ = {isa = PBXBuildFile; fileRef = EF0AFD25252B8BD9006C4AB1 /* ViewController.swift */; };
		EF0AFD29252B8BD9006C4AB1 /* Main.storyboard in Resources */ = {isa = PBXBuildFile; fileRef = EF0AFD27252B8BD9006C4AB1 /* Main.storyboard */; };
		EF0AFD2B252B8BDD006C4AB1 /* Assets.xcassets in Resources */ = {isa = PBXBuildFile; fileRef = EF0AFD2A252B8BDD006C4AB1 /* Assets.xcassets */; };
		EF0AFD2E252B8BDD006C4AB1 /* LaunchScreen.storyboard in Resources */ = {isa = PBXBuildFile; fileRef = EF0AFD2C252B8BDD006C4AB1 /* LaunchScreen.storyboard */; };
/* End PBXBuildFile section */

/* Begin PBXFileReference section */
		EF0AFD1E252B8BD9006C4AB1 /* TrailingClosureDemo.app */ = {isa = PBXFileReference; explicitFileType = wrapper.application; includeInIndex = 0; path = TrailingClosureDemo.app; sourceTree = BUILT_PRODUCTS_DIR; };
		EF0AFD21252B8BD9006C4AB1 /* AppDelegate.swift */ = {isa = PBXFileReference; lastKnownFileType = sourcecode.swift; path = AppDelegate.swift; sourceTree = "<group>"; };
		EF0AFD23252B8BD9006C4AB1 /* SceneDelegate.swift */ = {isa = PBXFileReference; lastKnownFileType = sourcecode.swift; path = SceneDelegate.swift; sourceTree = "<group>"; };
		EF0AFD25252B8BD9006C4AB1 /* ViewController.swift */ = {isa = PBXFileReference; lastKnownFileType = sourcecode.swift; path = ViewController.swift; sourceTree = "<group>"; };
		EF0AFD28252B8BD9006C4AB1 /* Base */ = {isa = PBXFileReference; lastKnownFileType = file.storyboard; name = Base; path = Base.lproj/Main.storyboard; sourceTree = "<group>"; };
		EF0AFD2A252B8BDD006C4AB1 /* Assets.xcassets */ = {isa = PBXFileReference; lastKnownFileType = folder.assetcatalog; path = Assets.xcassets; sourceTree = "<group>"; };
		EF0AFD2D252B8BDD006C4AB1 /* Base */ = {isa = PBXFileReference; lastKnownFileType = file.storyboard; name = Base; path = Base.lproj/LaunchScreen.storyboard; sourceTree = "<group>"; };
		EF0AFD2F252B8BDD006C4AB1 /* Info.plist */ = {isa = PBXFileReference; lastKnownFileType = text.plist.xml; path = Info.plist; sourceTree = "<group>"; };
/* End PBXFileReference section */

/* Begin PBXFrameworksBuildPhase section */
		EF0AFD1B252B8BD8006C4AB1 /* Frameworks */ = {
			isa = PBXFrameworksBuildPhase;
			buildActionMask = 2147483647;
			files = (
			);
			runOnlyForDeploymentPostprocessing = 0;
		};
/* End PBXFrameworksBuildPhase section */

/* Begin PBXGroup section */
		EF0AFD15252B8BD8006C4AB1 = {
			isa = PBXGroup;
			children = (
				EF0AFD20252B8BD9006C4AB1 /* TrailingClosureDemo */,
				EF0AFD1F252B8BD9006C4AB1 /* Products */,
			);
			sourceTree = "<group>";
		};
		EF0AFD1F252B8BD9006C4AB1 /* Products */ = {
			isa = PBXGroup;
			children = (
				EF0AFD1E252B8BD9006C4AB1 /* TrailingClosureDemo.app */,
			);
			name = Products;
			sourceTree = "<group>";
		};
		EF0AFD20252B8BD9006C4AB1 /* TrailingClosureDemo */ = {
			isa = PBXGroup;
			children = (
				EF0AFD21252B8BD9006C4AB1 /* AppDelegate.swift */,
				EF0AFD23252B8BD9006C4AB1 /* SceneDelegate.swift */,
				EF0AFD25252B8BD9006C4AB1 /* ViewController.swift */,
				EF0AFD27252B8BD9006C4AB1 /* Main.storyboard */,
				EF0AFD2A252B8BDD006C4AB1 /* Assets.xcassets */,
				EF0AFD2C252B8BDD006C4AB1 /* LaunchScreen.storyboard */,
				EF0AFD2F252B8BDD006C4AB1 /* Info.plist */,
			);
			path = TrailingClosureDemo;
			sourceTree = "<group>";
		};
/* End PBXGroup section */

/* Begin PBXNativeTarget section */
		EF0AFD1D252B8BD8006C4AB1 /* TrailingClosureDemo */ = {
			isa = PBXNativeTarget;
			buildConfigurationList = EF0AFD32252B8BDD006C4AB1 /* Build configuration list for PBXNativeTarget "TrailingClosureDemo" */;
			buildPhases = (
				EF0AFD1A252B8BD8006C4AB1 /* Sources */,
				EF0AFD1B252B8BD8006C4AB1 /* Frameworks */,
				EF0AFD1C252B8BD8006C4AB1 /* Resources */,
			);
			buildRules = (
			);
			dependencies = (
			);
			name = TrailingClosureDemo;
			productName = TrailingClosureDemo;
			productReference = EF0AFD1E252B8BD9006C4AB1 /* TrailingClosureDemo.app */;
			productType = "com.apple.product-type.application";
		};
/* End PBXNativeTarget section */

/* Begin PBXProject section */
		EF0AFD16252B8BD8006C4AB1 /* Project object */ = {
			isa = PBXProject;
			attributes = {
				LastSwiftUpdateCheck = 1130;
				LastUpgradeCheck = 1130;
				ORGANIZATIONNAME = Somya;
				TargetAttributes = {
					EF0AFD1D252B8BD8006C4AB1 = {
						CreatedOnToolsVersion = 11.3;
					};
				};
			};
			buildConfigurationList = EF0AFD19252B8BD8006C4AB1 /* Build configuration list for PBXProject "TrailingClosureDemo" */;
			compatibilityVersion = "Xcode 9.3";
			developmentRegion = en;
			hasScannedForEncodings = 0;
			knownRegions = (
				en,
				Base,
			);
			mainGroup = EF0AFD15252B8BD8006C4AB1;
			productRefGroup = EF0AFD1F252B8BD9006C4AB1 /* Products */;
			projectDirPath = "";
			projectRoot = "";
			targets = (
				EF0AFD1D252B8BD8006C4AB1 /* TrailingClosureDemo */,
			);
		};
/* End PBXProject section */

/* Begin PBXResourcesBuildPhase section */
		EF0AFD1C252B8BD8006C4AB1 /* Resources */ = {
			isa = PBXResourcesBuildPhase;
			buildActionMask = 2147483647;
			files = (
				EF0AFD2E252B8BDD006C4AB1 /* LaunchScreen.storyboard in Resources */,
				EF0AFD2B252B8BDD006C4AB1 /* Assets.xcassets in Resources */,
				EF0AFD29252B8BD9006C4AB1 /* Main.storyboard in Resources */,
			);
			runOnlyForDeploymentPostprocessing = 0;
		};
/* End PBXResourcesBuildPhase section */

/* Begin PBXSourcesBuildPhase section */
		EF0AFD1A252B8BD8006C4AB1 /* Sources */ = {
			isa = PBXSourcesBuildPhase;
			buildActionMask = 2147483647;
			files = (
				EF0AFD26252B8BD9006C4AB1 /* ViewController.swift in Sources */,
				EF0AFD22252B8BD9006C4AB1 /* AppDelegate.swift in Sources */,
				EF0AFD24252B8BD9006C4AB1 /* SceneDelegate.swift in Sources */,
			);
			runOnlyForDeploymentPostprocessing = 0;
		};
/* End PBXSourcesBuildPhase section */

/* Begin PBXVariantGroup section */
		EF0AFD27252B8BD9006C4AB1 /* Main.storyboard */ = {
			isa = PBXVariantGroup;
			children = (
				EF0AFD28252B8BD9006C4AB1 /* Base */,
			);
			name = Main.storyboard;
			sourceTree = "<group>";
		};
		EF0AFD2C252B8BDD006C4AB1 /* LaunchScreen.storyboard */ = {
			isa = PBXVariantGroup;
			children = (
				EF0AFD2D252B8BDD006C4AB1 /* Base */,
			);
			name = LaunchScreen.storyboard;
			sourceTree = "<group>";
		};
/* End PBXVariantGroup section */

/* Begin XCBuildConfiguration section */
		EF0AFD30252B8BDD006C4AB1 /* Debug */ = {
			isa = XCBuildConfiguration;
			buildSettings = {
				ALWAYS_SEARCH_USER_PATHS = NO;
				CLANG_ANALYZER_NONNULL = YES;
				CLANG_ANALYZER_NUMBER_OBJECT_CONVERSION = YES_AGGRESSIVE;
				CLANG_CXX_LANGUAGE_STANDARD = "gnu++14";
				CLANG_CXX_LIBRARY = "libc++";
				CLANG_ENABLE_MODULES = YES;
				CLANG_ENABLE_OBJC_ARC = YES;
				CLANG_ENABLE_OBJC_WEAK = YES;
				CLANG_WARN_BLOCK_CAPTURE_AUTORELEASING = YES;
				CLANG_WARN_BOOL_CONVERSION = YES;
				CLANG_WARN_COMMA = YES;
				CLANG_WARN_CONSTANT_CONVERSION = YES;
				CLANG_WARN_DEPRECATED_OBJC_IMPLEMENTATIONS = YES;
				CLANG_WARN_DIRECT_OBJC_ISA_USAGE = YES_ERROR;
				CLANG_WARN_DOCUMENTATION_COMMENTS = YES;
				CLANG_WARN_EMPTY_BODY = YES;
				CLANG_WARN_ENUM_CONVERSION = YES;
				CLANG_WARN_INFINITE_RECURSION = YES;
				CLANG_WARN_INT_CONVERSION = YES;
				CLANG_WARN_NON_LITERAL_NULL_CONVERSION = YES;
				CLANG_WARN_OBJC_IMPLICIT_RETAIN_SELF = YES;
				CLANG_WARN_OBJC_LITERAL_CONVERSION = YES;
				CLANG_WARN_OBJC_ROOT_CLASS = YES_ERROR;
				CLANG_WARN_RANGE_LOOP_ANALYSIS = YES;
				CLANG_WARN_STRICT_PROTOTYPES = YES;
				CLANG_WARN_SUSPICIOUS_MOVE = YES;
				CLANG_WARN_UNGUARDED_AVAILABILITY = YES_AGGRESSIVE;
				CLANG_WARN_UNREACHABLE_CODE = YES;
				CLANG_WARN__DUPLICATE_METHOD_MATCH = YES;
				COPY_PHASE_STRIP = NO;
				DEBUG_INFORMATION_FORMAT = dwarf;
				ENABLE_STRICT_OBJC_MSGSEND = YES;
				ENABLE_TESTABILITY = YES;
				GCC_C_LANGUAGE_STANDARD = gnu11;
				GCC_DYNAMIC_NO_PIC = NO;
				GCC_NO_COMMON_BLOCKS = YES;
				GCC_OPTIMIZATION_LEVEL = 0;
				GCC_PREPROCESSOR_DEFINITIONS = (
					"DEBUG=1",
					"$(inherited)",
				);
				GCC_WARN_64_TO_32_BIT_CONVERSION = YES;
				GCC_WARN_ABOUT_RETURN_TYPE = YES_ERROR;
				GCC_WARN_UNDECLARED_SELECTOR = YES;
				GCC_WARN_UNINITIALIZED_AUTOS = YES_AGGRESSIVE;
				GCC_WARN_UNUSED_FUNCTION = YES;
				GCC_WARN_UNUSED_VARIABLE = YES;
				IPHONEOS_DEPLOYMENT_TARGET = 13.2;
				MTL_ENABLE_DEBUG_INFO = INCLUDE_SOURCE;
				MTL_FAST_MATH = YES;
				ONLY_ACTIVE_ARCH = YES;
				SDKROOT = iphoneos;
				SWIFT_ACTIVE_COMPILATION_CONDITIONS = DEBUG;
				SWIFT_OPTIMIZATION_LEVEL = "-Onone";
			};
			name = Debug;
		};
		EF0AFD31252B8BDD006C4AB1 /* Release */ = {
			isa = XCBuildConfiguration;
			buildSettings = {
				ALWAYS_SEARCH_USER_PATHS = NO;
				CLANG_ANALYZER_NONNULL = YES;
				CLANG_ANALYZER_NUMBER_OBJECT_CONVERSION = YES_AGGRESSIVE;
				CLANG_CXX_LANGUAGE_STANDARD = "gnu++14";
				CLANG_CXX_LIBRARY = "libc++";
				CLANG_ENABLE_MODULES = YES;
				CLANG_ENABLE_OBJC_ARC = YES;
				CLANG_ENABLE_OBJC_WEAK = YES;
				CLANG_WARN_BLOCK_CAPTURE_AUTORELEASING = YES;
				CLANG_WARN_BOOL_CONVERSION = YES;
				CLANG_WARN_COMMA = YES;
				CLANG_WARN_CONSTANT_CONVERSION = YES;
				CLANG_WARN_DEPRECATED_OBJC_IMPLEMENTATIONS = YES;
				CLANG_WARN_DIRECT_OBJC_ISA_USAGE = YES_ERROR;
				CLANG_WARN_DOCUMENTATION_COMMENTS = YES;
				CLANG_WARN_EMPTY_BODY = YES;
				CLANG_WARN_ENUM_CONVERSION = YES;
				CLANG_WARN_INFINITE_RECURSION = YES;
				CLANG_WARN_INT_CONVERSION = YES;
				CLANG_WARN_NON_LITERAL_NULL_CONVERSION = YES;
				CLANG_WARN_OBJC_IMPLICIT_RETAIN_SELF = YES;
				CLANG_WARN_OBJC_LITERAL_CONVERSION = YES;
				CLANG_WARN_OBJC_ROOT_CLASS = YES_ERROR;
				CLANG_WARN_RANGE_LOOP_ANALYSIS = YES;
				CLANG_WARN_STRICT_PROTOTYPES = YES;
				CLANG_WARN_SUSPICIOUS_MOVE = YES;
				CLANG_WARN_UNGUARDED_AVAILABILITY = YES_AGGRESSIVE;
				CLANG_WARN_UNREACHABLE_CODE = YES;
				CLANG_WARN__DUPLICATE_METHOD_MATCH = YES;
				COPY_PHASE_STRIP = NO;
				DEBUG_INFORMATION_FORMAT = "dwarf-with-dsym";
				ENABLE_NS_ASSERTIONS = NO;
				ENABLE_STRICT_OBJC_MSGSEND = YES;
				GCC_C_LANGUAGE_STANDARD = gnu11;
				GCC_NO_COMMON_BLOCKS = YES;
				GCC_WARN_64_TO_32_BIT_CONVERSION = YES;
				GCC_WARN_ABOUT_RETURN_TYPE = YES_ERROR;
				GCC_WARN_UNDECLARED_SELECTOR = YES;
				GCC_WARN_UNINITIALIZED_AUTOS = YES_AGGRESSIVE;
				GCC_WARN_UNUSED_FUNCTION = YES;
				GCC_WARN_UNUSED_VARIABLE = YES;
				IPHONEOS_DEPLOYMENT_TARGET = 13.2;
				MTL_ENABLE_DEBUG_INFO = NO;
				MTL_FAST_MATH = YES;
				SDKROOT = iphoneos;
				SWIFT_COMPILATION_MODE = wholemodule;
				SWIFT_OPTIMIZATION_LEVEL = "-O";
				VALIDATE_PRODUCT = YES;
			};
			name = Release;
		};
		EF0AFD33252B8BDD006C4AB1 /* Debug */ = {
			isa = XCBuildConfiguration;
			buildSettings = {
				ASSETCATALOG_COMPILER_APPICON_NAME = AppIcon;
				CODE_SIGN_STYLE = Automatic;
				INFOPLIST_FILE = TrailingClosureDemo/Info.plist;
				LD_RUNPATH_SEARCH_PATHS = (
					"$(inherited)",
					"@executable_path/Frameworks",
				);
				PRODUCT_BUNDLE_IDENTIFIER = com.somya.TrailingClosureDemo;
				PRODUCT_NAME = "$(TARGET_NAME)";
				SWIFT_VERSION = 5.0;
				TARGETED_DEVICE_FAMILY = "1,2";
			};
			name = Debug;
		};
		EF0AFD34252B8BDD006C4AB1 /* Release */ = {
			isa = XCBuildConfiguration;
			buildSettings = {
				ASSETCATALOG_COMPILER_APPICON_NAME = AppIcon;
				CODE_SIGN_STYLE = Automatic;
				INFOPLIST_FILE = TrailingClosureDemo/Info.plist;
				LD_RUNPATH_SEARCH_PATHS = (
					"$(inherited)",
					"@executable_path/Frameworks",
				);
				PRODUCT_BUNDLE_IDENTIFIER = com.somya.TrailingClosureDemo;
				PRODUCT_NAME = "$(TARGET_NAME)";
				SWIFT_VERSION = 5.0;
				TARGETED_DEVICE_FAMILY = "1,2";
			};
			name = Release;
		};
/* End XCBuildConfiguration section */

/* Begin XCConfigurationList section */
		EF0AFD19252B8BD8006C4AB1 /* Build configuration list for PBXProject "TrailingClosureDemo" */ = {
			isa = XCConfigurationList;
			buildConfigurations = (
				EF0AFD30252B8BDD006C4AB1 /* Debug */,
				EF0AFD31252B8BDD006C4AB1 /* Release */,
			);
			defaultConfigurationIsVisible = 0;
			defaultConfigurationName = Release;
		};
		EF0AFD32252B8BDD006C4AB1 /* Build configuration list for PBXNativeTarget "TrailingClosureDemo" */ = {
			isa = XCConfigurationList;
			buildConfigurations = (
				EF0AFD33252B8BDD006C4AB1 /* Debug */,
				EF0AFD34252B8BDD006C4AB1 /* Release */,
			);
			defaultConfigurationIsVisible = 0;
			defaultConfigurationName = Release;
		};
/* End XCConfigurationList section */
	};
	rootObject = EF0AFD16252B8BD8006C4AB1 /* Project object */;
}
